{
  "name": "Portfolio",
  "lockfileVersion": 3,
  "requires": true,
  "packages": {
    "": {
      "dependencies": {
        "@fontsource-variable/onest": "^5.1.0",
        "@fontsource/onest": "^5.1.0"
      }
    },
    "node_modules/@fontsource-variable/onest": {
      "version": "5.1.0",
      "resolved": "https://registry.npmjs.org/@fontsource-variable/onest/-/onest-5.1.0.tgz",
      "integrity": "sha512-8jspwmuPWtC2p4gxmjUIQ2JugqCcClFwlD1DEJt+gARgZMm3PI62rYivoKVUDB3Q6hdQxeL5wdzjxCOnzTU5BA==",
      "license": "OFL-1.1"
    },
    "node_modules/@fontsource/onest": {
      "version": "5.1.0",
      "resolved": "https://registry.npmjs.org/@fontsource/onest/-/onest-5.1.0.tgz",
      "integrity": "sha512-to08IOVv6tag1q0RZvj6XKBff6YL8OF23C3ktxkfrH34TAO54BVDXC7iZHL0GTR5YmjwDLdkCIUOGqtHzg8LDA==",
      "license": "OFL-1.1"
    }
  }
}
